// !$*UTF8*$!
{
	archiveVersion = 1;
	classes = {
	};
	objectVersion = 60;
	objects = {

/* Begin PBXBuildFile section */
		5108B56A2B6BC1F800DF81A2 /* GetTopHeadlinesWorker.swift in Sources */ = {isa = PBXBuildFile; fileRef = 5108B5692B6BC1F800DF81A2 /* GetTopHeadlinesWorker.swift */; };
		5108B56F2B6BCFE000DF81A2 /* MockGetTopicNewsWorker.swift in Sources */ = {isa = PBXBuildFile; fileRef = 5108B56E2B6BCFE000DF81A2 /* MockGetTopicNewsWorker.swift */; };
		5108B5712B6BD09B00DF81A2 /* MockGetTopHeadlinesWorker.swift in Sources */ = {isa = PBXBuildFile; fileRef = 5108B5702B6BD09A00DF81A2 /* MockGetTopHeadlinesWorker.swift */; };
		5108B5732B6BD12000DF81A2 /* MockCoordinator.swift in Sources */ = {isa = PBXBuildFile; fileRef = 5108B5722B6BD12000DF81A2 /* MockCoordinator.swift */; };
		5108B5752B6BD2D900DF81A2 /* ArticlesMock.swift in Sources */ = {isa = PBXBuildFile; fileRef = 5108B5742B6BD2D900DF81A2 /* ArticlesMock.swift */; };
		5108B5782B6BD97100DF81A2 /* DetailViewModelTests.swift in Sources */ = {isa = PBXBuildFile; fileRef = 5108B5772B6BD97100DF81A2 /* DetailViewModelTests.swift */; };
		5108B57D2B6BE64D00DF81A2 /* Robot.swift in Sources */ = {isa = PBXBuildFile; fileRef = 5108B57C2B6BE64D00DF81A2 /* Robot.swift */; };
		5108B57F2B6BE67400DF81A2 /* Predicate.swift in Sources */ = {isa = PBXBuildFile; fileRef = 5108B57E2B6BE67400DF81A2 /* Predicate.swift */; };
		5108B5812B6BE70500DF81A2 /* HomeViewUITests.swift in Sources */ = {isa = PBXBuildFile; fileRef = 5108B5802B6BE70500DF81A2 /* HomeViewUITests.swift */; };
		5108B5832B6BE72100DF81A2 /* HomeRobot.swift in Sources */ = {isa = PBXBuildFile; fileRef = 5108B5822B6BE72100DF81A2 /* HomeRobot.swift */; };
		5108B5852B6BE76200DF81A2 /* Accessibility.swift in Sources */ = {isa = PBXBuildFile; fileRef = 5108B5842B6BE76200DF81A2 /* Accessibility.swift */; };
		5108B5862B6BE76200DF81A2 /* Accessibility.swift in Sources */ = {isa = PBXBuildFile; fileRef = 5108B5842B6BE76200DF81A2 /* Accessibility.swift */; };
		5108B5882B6BE81900DF81A2 /* DetailRobot.swift in Sources */ = {isa = PBXBuildFile; fileRef = 5108B5872B6BE81900DF81A2 /* DetailRobot.swift */; };
		5154F2AB2B6841AA00C90BB1 /* KeleaNewsApp.swift in Sources */ = {isa = PBXBuildFile; fileRef = 5154F2AA2B6841AA00C90BB1 /* KeleaNewsApp.swift */; };
		5154F2AD2B6841AA00C90BB1 /* HomeView.swift in Sources */ = {isa = PBXBuildFile; fileRef = 5154F2AC2B6841AA00C90BB1 /* HomeView.swift */; };
		5154F2AF2B6841AD00C90BB1 /* Assets.xcassets in Resources */ = {isa = PBXBuildFile; fileRef = 5154F2AE2B6841AD00C90BB1 /* Assets.xcassets */; };
		5154F2B22B6841AD00C90BB1 /* Preview Assets.xcassets in Resources */ = {isa = PBXBuildFile; fileRef = 5154F2B12B6841AD00C90BB1 /* Preview Assets.xcassets */; };
		5154F2BC2B6841AD00C90BB1 /* HomeViewModelTests.swift in Sources */ = {isa = PBXBuildFile; fileRef = 5154F2BB2B6841AD00C90BB1 /* HomeViewModelTests.swift */; };
		5154F2DD2B69339500C90BB1 /* NetworkCombine in Frameworks */ = {isa = PBXBuildFile; productRef = 5154F2DC2B69339500C90BB1 /* NetworkCombine */; };
		5154F2DF2B69374100C90BB1 /* HomeViewModel.swift in Sources */ = {isa = PBXBuildFile; fileRef = 5154F2DE2B69374100C90BB1 /* HomeViewModel.swift */; };
		5154F2E22B6939A500C90BB1 /* DesignSystem in Frameworks */ = {isa = PBXBuildFile; productRef = 5154F2E12B6939A500C90BB1 /* DesignSystem */; };
		5154F2E42B69526300C90BB1 /* NewsApiConfig.swift in Sources */ = {isa = PBXBuildFile; fileRef = 5154F2E32B69526300C90BB1 /* NewsApiConfig.swift */; };
		5154F2E62B69527500C90BB1 /* NewsApiService.swift in Sources */ = {isa = PBXBuildFile; fileRef = 5154F2E52B69527500C90BB1 /* NewsApiService.swift */; };
		5154F2E82B69544600C90BB1 /* GetTopicNewsWorker.swift in Sources */ = {isa = PBXBuildFile; fileRef = 5154F2E72B69544600C90BB1 /* GetTopicNewsWorker.swift */; };
		5154F2EA2B6954DB00C90BB1 /* Article.swift in Sources */ = {isa = PBXBuildFile; fileRef = 5154F2E92B6954DB00C90BB1 /* Article.swift */; };
		5154F2EC2B695B8900C90BB1 /* Localizable.xcstrings in Resources */ = {isa = PBXBuildFile; fileRef = 5154F2EB2B695B8900C90BB1 /* Localizable.xcstrings */; };
		5154F2EE2B6A64C200C90BB1 /* Coordinator.swift in Sources */ = {isa = PBXBuildFile; fileRef = 5154F2ED2B6A64C200C90BB1 /* Coordinator.swift */; };
		5154F2F02B6A682800C90BB1 /* CoordinatorView.swift in Sources */ = {isa = PBXBuildFile; fileRef = 5154F2EF2B6A682800C90BB1 /* CoordinatorView.swift */; };
		5154F2F32B6A6BDD00C90BB1 /* Extensions.swift in Sources */ = {isa = PBXBuildFile; fileRef = 5154F2F22B6A6BDD00C90BB1 /* Extensions.swift */; };
		5154F2F52B6A6CD300C90BB1 /* DetailView.swift in Sources */ = {isa = PBXBuildFile; fileRef = 5154F2F42B6A6CD300C90BB1 /* DetailView.swift */; };
		5154F2F72B6A6CE800C90BB1 /* DetailViewModel.swift in Sources */ = {isa = PBXBuildFile; fileRef = 5154F2F62B6A6CE800C90BB1 /* DetailViewModel.swift */; };
/* End PBXBuildFile section */

/* Begin PBXContainerItemProxy section */
		5154F2B82B6841AD00C90BB1 /* PBXContainerItemProxy */ = {
			isa = PBXContainerItemProxy;
			containerPortal = 5154F29F2B6841AA00C90BB1 /* Project object */;
			proxyType = 1;
			remoteGlobalIDString = 5154F2A62B6841AA00C90BB1;
			remoteInfo = KeleaNews;
		};
		5154F2C22B6841AD00C90BB1 /* PBXContainerItemProxy */ = {
			isa = PBXContainerItemProxy;
			containerPortal = 5154F29F2B6841AA00C90BB1 /* Project object */;
			proxyType = 1;
			remoteGlobalIDString = 5154F2A62B6841AA00C90BB1;
			remoteInfo = KeleaNews;
		};
/* End PBXContainerItemProxy section */

/* Begin PBXFileReference section */
		5108B5692B6BC1F800DF81A2 /* GetTopHeadlinesWorker.swift */ = {isa = PBXFileReference; lastKnownFileType = sourcecode.swift; path = GetTopHeadlinesWorker.swift; sourceTree = "<group>"; };
		5108B56E2B6BCFE000DF81A2 /* MockGetTopicNewsWorker.swift */ = {isa = PBXFileReference; lastKnownFileType = sourcecode.swift; path = MockGetTopicNewsWorker.swift; sourceTree = "<group>"; };
		5108B5702B6BD09A00DF81A2 /* MockGetTopHeadlinesWorker.swift */ = {isa = PBXFileReference; lastKnownFileType = sourcecode.swift; path = MockGetTopHeadlinesWorker.swift; sourceTree = "<group>"; };
		5108B5722B6BD12000DF81A2 /* MockCoordinator.swift */ = {isa = PBXFileReference; lastKnownFileType = sourcecode.swift; path = MockCoordinator.swift; sourceTree = "<group>"; };
		5108B5742B6BD2D900DF81A2 /* ArticlesMock.swift */ = {isa = PBXFileReference; lastKnownFileType = sourcecode.swift; path = ArticlesMock.swift; sourceTree = "<group>"; };
		5108B5772B6BD97100DF81A2 /* DetailViewModelTests.swift */ = {isa = PBXFileReference; lastKnownFileType = sourcecode.swift; path = DetailViewModelTests.swift; sourceTree = "<group>"; };
		5108B57C2B6BE64D00DF81A2 /* Robot.swift */ = {isa = PBXFileReference; lastKnownFileType = sourcecode.swift; path = Robot.swift; sourceTree = "<group>"; };
		5108B57E2B6BE67400DF81A2 /* Predicate.swift */ = {isa = PBXFileReference; lastKnownFileType = sourcecode.swift; path = Predicate.swift; sourceTree = "<group>"; };
		5108B5802B6BE70500DF81A2 /* HomeViewUITests.swift */ = {isa = PBXFileReference; lastKnownFileType = sourcecode.swift; path = HomeViewUITests.swift; sourceTree = "<group>"; };
		5108B5822B6BE72100DF81A2 /* HomeRobot.swift */ = {isa = PBXFileReference; lastKnownFileType = sourcecode.swift; path = HomeRobot.swift; sourceTree = "<group>"; };
		5108B5842B6BE76200DF81A2 /* Accessibility.swift */ = {isa = PBXFileReference; lastKnownFileType = sourcecode.swift; path = Accessibility.swift; sourceTree = "<group>"; };
		5108B5872B6BE81900DF81A2 /* DetailRobot.swift */ = {isa = PBXFileReference; lastKnownFileType = sourcecode.swift; path = DetailRobot.swift; sourceTree = "<group>"; };
		5154F2A72B6841AA00C90BB1 /* KeleaNews.app */ = {isa = PBXFileReference; explicitFileType = wrapper.application; includeInIndex = 0; path = KeleaNews.app; sourceTree = BUILT_PRODUCTS_DIR; };
		5154F2AA2B6841AA00C90BB1 /* KeleaNewsApp.swift */ = {isa = PBXFileReference; lastKnownFileType = sourcecode.swift; path = KeleaNewsApp.swift; sourceTree = "<group>"; };
		5154F2AC2B6841AA00C90BB1 /* HomeView.swift */ = {isa = PBXFileReference; lastKnownFileType = sourcecode.swift; path = HomeView.swift; sourceTree = "<group>"; };
		5154F2AE2B6841AD00C90BB1 /* Assets.xcassets */ = {isa = PBXFileReference; lastKnownFileType = folder.assetcatalog; path = Assets.xcassets; sourceTree = "<group>"; };
		5154F2B12B6841AD00C90BB1 /* Preview Assets.xcassets */ = {isa = PBXFileReference; lastKnownFileType = folder.assetcatalog; path = "Preview Assets.xcassets"; sourceTree = "<group>"; };
		5154F2B72B6841AD00C90BB1 /* KeleaNewsTests.xctest */ = {isa = PBXFileReference; explicitFileType = wrapper.cfbundle; includeInIndex = 0; path = KeleaNewsTests.xctest; sourceTree = BUILT_PRODUCTS_DIR; };
		5154F2BB2B6841AD00C90BB1 /* HomeViewModelTests.swift */ = {isa = PBXFileReference; lastKnownFileType = sourcecode.swift; path = HomeViewModelTests.swift; sourceTree = "<group>"; };
		5154F2C12B6841AD00C90BB1 /* KeleaNewsUITests.xctest */ = {isa = PBXFileReference; explicitFileType = wrapper.cfbundle; includeInIndex = 0; path = KeleaNewsUITests.xctest; sourceTree = BUILT_PRODUCTS_DIR; };
		5154F2DE2B69374100C90BB1 /* HomeViewModel.swift */ = {isa = PBXFileReference; lastKnownFileType = sourcecode.swift; path = HomeViewModel.swift; sourceTree = "<group>"; };
		5154F2E32B69526300C90BB1 /* NewsApiConfig.swift */ = {isa = PBXFileReference; lastKnownFileType = sourcecode.swift; path = NewsApiConfig.swift; sourceTree = "<group>"; };
		5154F2E52B69527500C90BB1 /* NewsApiService.swift */ = {isa = PBXFileReference; lastKnownFileType = sourcecode.swift; path = NewsApiService.swift; sourceTree = "<group>"; };
		5154F2E72B69544600C90BB1 /* GetTopicNewsWorker.swift */ = {isa = PBXFileReference; lastKnownFileType = sourcecode.swift; path = GetTopicNewsWorker.swift; sourceTree = "<group>"; };
		5154F2E92B6954DB00C90BB1 /* Article.swift */ = {isa = PBXFileReference; lastKnownFileType = sourcecode.swift; path = Article.swift; sourceTree = "<group>"; };
		5154F2EB2B695B8900C90BB1 /* Localizable.xcstrings */ = {isa = PBXFileReference; lastKnownFileType = text.json.xcstrings; path = Localizable.xcstrings; sourceTree = "<group>"; };
		5154F2ED2B6A64C200C90BB1 /* Coordinator.swift */ = {isa = PBXFileReference; lastKnownFileType = sourcecode.swift; path = Coordinator.swift; sourceTree = "<group>"; };
		5154F2EF2B6A682800C90BB1 /* CoordinatorView.swift */ = {isa = PBXFileReference; lastKnownFileType = sourcecode.swift; path = CoordinatorView.swift; sourceTree = "<group>"; };
		5154F2F22B6A6BDD00C90BB1 /* Extensions.swift */ = {isa = PBXFileReference; lastKnownFileType = sourcecode.swift; path = Extensions.swift; sourceTree = "<group>"; };
		5154F2F42B6A6CD300C90BB1 /* DetailView.swift */ = {isa = PBXFileReference; lastKnownFileType = sourcecode.swift; path = DetailView.swift; sourceTree = "<group>"; };
		5154F2F62B6A6CE800C90BB1 /* DetailViewModel.swift */ = {isa = PBXFileReference; lastKnownFileType = sourcecode.swift; path = DetailViewModel.swift; sourceTree = "<group>"; };
/* End PBXFileReference section */

/* Begin PBXFrameworksBuildPhase section */
		5154F2A42B6841AA00C90BB1 /* Frameworks */ = {
			isa = PBXFrameworksBuildPhase;
			buildActionMask = 2147483647;
			files = (
				5154F2DD2B69339500C90BB1 /* NetworkCombine in Frameworks */,
				5154F2E22B6939A500C90BB1 /* DesignSystem in Frameworks */,
			);
			runOnlyForDeploymentPostprocessing = 0;
		};
		5154F2B42B6841AD00C90BB1 /* Frameworks */ = {
			isa = PBXFrameworksBuildPhase;
			buildActionMask = 2147483647;
			files = (
			);
			runOnlyForDeploymentPostprocessing = 0;
		};
		5154F2BE2B6841AD00C90BB1 /* Frameworks */ = {
			isa = PBXFrameworksBuildPhase;
			buildActionMask = 2147483647;
			files = (
			);
			runOnlyForDeploymentPostprocessing = 0;
		};
/* End PBXFrameworksBuildPhase section */

/* Begin PBXGroup section */
		5108B56B2B6BCED400DF81A2 /* Scenes */ = {
			isa = PBXGroup;
			children = (
				5108B56C2B6BCEDE00DF81A2 /* Home */,
				5108B5762B6BD95800DF81A2 /* Detail */,
			);
			path = Scenes;
			sourceTree = "<group>";
		};
		5108B56C2B6BCEDE00DF81A2 /* Home */ = {
			isa = PBXGroup;
			children = (
				5154F2BB2B6841AD00C90BB1 /* HomeViewModelTests.swift */,
			);
			path = Home;
			sourceTree = "<group>";
		};
		5108B56D2B6BCFC700DF81A2 /* Mocks */ = {
			isa = PBXGroup;
			children = (
				5108B56E2B6BCFE000DF81A2 /* MockGetTopicNewsWorker.swift */,
				5108B5702B6BD09A00DF81A2 /* MockGetTopHeadlinesWorker.swift */,
				5108B5722B6BD12000DF81A2 /* MockCoordinator.swift */,
				5108B5742B6BD2D900DF81A2 /* ArticlesMock.swift */,
			);
			path = Mocks;
			sourceTree = "<group>";
		};
		5108B5762B6BD95800DF81A2 /* Detail */ = {
			isa = PBXGroup;
			children = (
				5108B5772B6BD97100DF81A2 /* DetailViewModelTests.swift */,
			);
			path = Detail;
			sourceTree = "<group>";
		};
		5108B5792B6BE60600DF81A2 /* Scenes */ = {
			isa = PBXGroup;
			children = (
				5108B57A2B6BE61200DF81A2 /* Home */,
				5108B57B2B6BE61800DF81A2 /* Detail */,
			);
			path = Scenes;
			sourceTree = "<group>";
		};
		5108B57A2B6BE61200DF81A2 /* Home */ = {
			isa = PBXGroup;
			children = (
				5108B5802B6BE70500DF81A2 /* HomeViewUITests.swift */,
				5108B5822B6BE72100DF81A2 /* HomeRobot.swift */,
			);
			path = Home;
			sourceTree = "<group>";
		};
		5108B57B2B6BE61800DF81A2 /* Detail */ = {
			isa = PBXGroup;
			children = (
				5108B5872B6BE81900DF81A2 /* DetailRobot.swift */,
			);
			path = Detail;
			sourceTree = "<group>";
		};
		5154F29E2B6841AA00C90BB1 = {
			isa = PBXGroup;
			children = (
				5154F2A92B6841AA00C90BB1 /* KeleaNews */,
				5154F2BA2B6841AD00C90BB1 /* KeleaNewsTests */,
				5154F2C42B6841AD00C90BB1 /* KeleaNewsUITests */,
				5154F2A82B6841AA00C90BB1 /* Products */,
			);
			sourceTree = "<group>";
		};
		5154F2A82B6841AA00C90BB1 /* Products */ = {
			isa = PBXGroup;
			children = (
				5154F2A72B6841AA00C90BB1 /* KeleaNews.app */,
				5154F2B72B6841AD00C90BB1 /* KeleaNewsTests.xctest */,
				5154F2C12B6841AD00C90BB1 /* KeleaNewsUITests.xctest */,
			);
			name = Products;
			sourceTree = "<group>";
		};
		5154F2A92B6841AA00C90BB1 /* KeleaNews */ = {
			isa = PBXGroup;
			children = (
				5154F2D42B69068500C90BB1 /* App */,
				5154F2D62B6906B200C90BB1 /* Service */,
				5154F2D72B6906DB00C90BB1 /* Model */,
				5154F2D82B6906F300C90BB1 /* Scenes */,
				5154F2F12B6A6BB900C90BB1 /* Common */,
				5154F2B02B6841AD00C90BB1 /* Preview Content */,
			);
			path = KeleaNews;
			sourceTree = "<group>";
		};
		5154F2B02B6841AD00C90BB1 /* Preview Content */ = {
			isa = PBXGroup;
			children = (
				5154F2B12B6841AD00C90BB1 /* Preview Assets.xcassets */,
			);
			path = "Preview Content";
			sourceTree = "<group>";
		};
		5154F2BA2B6841AD00C90BB1 /* KeleaNewsTests */ = {
			isa = PBXGroup;
			children = (
				5108B56D2B6BCFC700DF81A2 /* Mocks */,
				5108B56B2B6BCED400DF81A2 /* Scenes */,
			);
			path = KeleaNewsTests;
			sourceTree = "<group>";
		};
		5154F2C42B6841AD00C90BB1 /* KeleaNewsUITests */ = {
			isa = PBXGroup;
			children = (
				5108B5792B6BE60600DF81A2 /* Scenes */,
				5108B57C2B6BE64D00DF81A2 /* Robot.swift */,
				5108B57E2B6BE67400DF81A2 /* Predicate.swift */,
			);
			path = KeleaNewsUITests;
			sourceTree = "<group>";
		};
		5154F2D42B69068500C90BB1 /* App */ = {
			isa = PBXGroup;
			children = (
				5154F2AA2B6841AA00C90BB1 /* KeleaNewsApp.swift */,
				5154F2D52B69069700C90BB1 /* Supporting Files */,
			);
			path = App;
			sourceTree = "<group>";
		};
		5154F2D52B69069700C90BB1 /* Supporting Files */ = {
			isa = PBXGroup;
			children = (
				5154F2AE2B6841AD00C90BB1 /* Assets.xcassets */,
				5154F2EB2B695B8900C90BB1 /* Localizable.xcstrings */,
			);
			path = "Supporting Files";
			sourceTree = "<group>";
		};
		5154F2D62B6906B200C90BB1 /* Service */ = {
			isa = PBXGroup;
			children = (
				5154F2E32B69526300C90BB1 /* NewsApiConfig.swift */,
				5154F2E52B69527500C90BB1 /* NewsApiService.swift */,
				5154F2E72B69544600C90BB1 /* GetTopicNewsWorker.swift */,
				5108B5692B6BC1F800DF81A2 /* GetTopHeadlinesWorker.swift */,
			);
			path = Service;
			sourceTree = "<group>";
		};
		5154F2D72B6906DB00C90BB1 /* Model */ = {
			isa = PBXGroup;
			children = (
				5154F2E92B6954DB00C90BB1 /* Article.swift */,
			);
			path = Model;
			sourceTree = "<group>";
		};
		5154F2D82B6906F300C90BB1 /* Scenes */ = {
			isa = PBXGroup;
			children = (
				5154F2ED2B6A64C200C90BB1 /* Coordinator.swift */,
				5154F2EF2B6A682800C90BB1 /* CoordinatorView.swift */,
				5154F2D92B690BAF00C90BB1 /* Home */,
				5154F2DA2B690BB700C90BB1 /* Detail */,
			);
			path = Scenes;
			sourceTree = "<group>";
		};
		5154F2D92B690BAF00C90BB1 /* Home */ = {
			isa = PBXGroup;
			children = (
				5154F2AC2B6841AA00C90BB1 /* HomeView.swift */,
				5154F2DE2B69374100C90BB1 /* HomeViewModel.swift */,
			);
			path = Home;
			sourceTree = "<group>";
		};
		5154F2DA2B690BB700C90BB1 /* Detail */ = {
			isa = PBXGroup;
			children = (
				5154F2F42B6A6CD300C90BB1 /* DetailView.swift */,
				5154F2F62B6A6CE800C90BB1 /* DetailViewModel.swift */,
			);
			path = Detail;
			sourceTree = "<group>";
		};
		5154F2F12B6A6BB900C90BB1 /* Common */ = {
			isa = PBXGroup;
			children = (
				5154F2F22B6A6BDD00C90BB1 /* Extensions.swift */,
				5108B5842B6BE76200DF81A2 /* Accessibility.swift */,
			);
			path = Common;
			sourceTree = "<group>";
		};
/* End PBXGroup section */

/* Begin PBXNativeTarget section */
		5154F2A62B6841AA00C90BB1 /* KeleaNews */ = {
			isa = PBXNativeTarget;
			buildConfigurationList = 5154F2CB2B6841AD00C90BB1 /* Build configuration list for PBXNativeTarget "KeleaNews" */;
			buildPhases = (
				5154F2A32B6841AA00C90BB1 /* Sources */,
				5154F2A42B6841AA00C90BB1 /* Frameworks */,
				5154F2A52B6841AA00C90BB1 /* Resources */,
				513821752B6C0C0600803029 /* Swift Lint */,
			);
			buildRules = (
			);
			dependencies = (
			);
			name = KeleaNews;
			packageProductDependencies = (
				5154F2DC2B69339500C90BB1 /* NetworkCombine */,
				5154F2E12B6939A500C90BB1 /* DesignSystem */,
			);
			productName = KeleaNews;
			productReference = 5154F2A72B6841AA00C90BB1 /* KeleaNews.app */;
			productType = "com.apple.product-type.application";
		};
		5154F2B62B6841AD00C90BB1 /* KeleaNewsTests */ = {
			isa = PBXNativeTarget;
			buildConfigurationList = 5154F2CE2B6841AD00C90BB1 /* Build configuration list for PBXNativeTarget "KeleaNewsTests" */;
			buildPhases = (
				5154F2B32B6841AD00C90BB1 /* Sources */,
				5154F2B42B6841AD00C90BB1 /* Frameworks */,
				5154F2B52B6841AD00C90BB1 /* Resources */,
			);
			buildRules = (
			);
			dependencies = (
				5154F2B92B6841AD00C90BB1 /* PBXTargetDependency */,
			);
			name = KeleaNewsTests;
			productName = KeleaNewsTests;
			productReference = 5154F2B72B6841AD00C90BB1 /* KeleaNewsTests.xctest */;
			productType = "com.apple.product-type.bundle.unit-test";
		};
		5154F2C02B6841AD00C90BB1 /* KeleaNewsUITests */ = {
			isa = PBXNativeTarget;
			buildConfigurationList = 5154F2D12B6841AD00C90BB1 /* Build configuration list for PBXNativeTarget "KeleaNewsUITests" */;
			buildPhases = (
				5154F2BD2B6841AD00C90BB1 /* Sources */,
				5154F2BE2B6841AD00C90BB1 /* Frameworks */,
				5154F2BF2B6841AD00C90BB1 /* Resources */,
			);
			buildRules = (
			);
			dependencies = (
				5154F2C32B6841AD00C90BB1 /* PBXTargetDependency */,
			);
			name = KeleaNewsUITests;
			productName = KeleaNewsUITests;
			productReference = 5154F2C12B6841AD00C90BB1 /* KeleaNewsUITests.xctest */;
			productType = "com.apple.product-type.bundle.ui-testing";
		};
/* End PBXNativeTarget section */

/* Begin PBXProject section */
		5154F29F2B6841AA00C90BB1 /* Project object */ = {
			isa = PBXProject;
			attributes = {
				BuildIndependentTargetsInParallel = 1;
				LastSwiftUpdateCheck = 1520;
				LastUpgradeCheck = 1520;
				TargetAttributes = {
					5154F2A62B6841AA00C90BB1 = {
						CreatedOnToolsVersion = 15.2;
					};
					5154F2B62B6841AD00C90BB1 = {
						CreatedOnToolsVersion = 15.2;
						TestTargetID = 5154F2A62B6841AA00C90BB1;
					};
					5154F2C02B6841AD00C90BB1 = {
						CreatedOnToolsVersion = 15.2;
						TestTargetID = 5154F2A62B6841AA00C90BB1;
					};
				};
			};
			buildConfigurationList = 5154F2A22B6841AA00C90BB1 /* Build configuration list for PBXProject "KeleaNews" */;
			compatibilityVersion = "Xcode 14.0";
			developmentRegion = en;
			hasScannedForEncodings = 0;
			knownRegions = (
				en,
				Base,
				es,
			);
			mainGroup = 5154F29E2B6841AA00C90BB1;
			packageReferences = (
				5154F2DB2B69339500C90BB1 /* XCLocalSwiftPackageReference "../Packages/NetworkCombine" */,
				5154F2E02B6939A500C90BB1 /* XCLocalSwiftPackageReference "../Packages/DesignSystem" */,
			);
			productRefGroup = 5154F2A82B6841AA00C90BB1 /* Products */;
			projectDirPath = "";
			projectRoot = "";
			targets = (
				5154F2A62B6841AA00C90BB1 /* KeleaNews */,
				5154F2B62B6841AD00C90BB1 /* KeleaNewsTests */,
				5154F2C02B6841AD00C90BB1 /* KeleaNewsUITests */,
			);
		};
/* End PBXProject section */

/* Begin PBXResourcesBuildPhase section */
		5154F2A52B6841AA00C90BB1 /* Resources */ = {
			isa = PBXResourcesBuildPhase;
			buildActionMask = 2147483647;
			files = (
				5154F2B22B6841AD00C90BB1 /* Preview Assets.xcassets in Resources */,
				5154F2AF2B6841AD00C90BB1 /* Assets.xcassets in Resources */,
				5154F2EC2B695B8900C90BB1 /* Localizable.xcstrings in Resources */,
			);
			runOnlyForDeploymentPostprocessing = 0;
		};
		5154F2B52B6841AD00C90BB1 /* Resources */ = {
			isa = PBXResourcesBuildPhase;
			buildActionMask = 2147483647;
			files = (
			);
			runOnlyForDeploymentPostprocessing = 0;
		};
		5154F2BF2B6841AD00C90BB1 /* Resources */ = {
			isa = PBXResourcesBuildPhase;
			buildActionMask = 2147483647;
			files = (
			);
			runOnlyForDeploymentPostprocessing = 0;
		};
/* End PBXResourcesBuildPhase section */

/* Begin PBXShellScriptBuildPhase section */
		513821752B6C0C0600803029 /* Swift Lint */ = {
			isa = PBXShellScriptBuildPhase;
			alwaysOutOfDate = 1;
			buildActionMask = 2147483647;
			files = (
			);
			inputFileListPaths = (
			);
			inputPaths = (
			);
			name = "Swift Lint";
			outputFileListPaths = (
			);
			outputPaths = (
			);
			runOnlyForDeploymentPostprocessing = 0;
			shellPath = /bin/sh;
			shellScript = "if [[ \"$(uname -m)\" == arm64 ]]; then\n    export PATH=\"/opt/homebrew/bin:$PATH\"\nfi\n\nif which swiftlint > /dev/null; then\n  swiftlint\nelse\n  echo \"warning: SwiftLint not installed, download from https://github.com/realm/SwiftLint\"\nfi\n";
		};
/* End PBXShellScriptBuildPhase section */

/* Begin PBXSourcesBuildPhase section */
		5154F2A32B6841AA00C90BB1 /* Sources */ = {
			isa = PBXSourcesBuildPhase;
			buildActionMask = 2147483647;
			files = (
				5154F2EE2B6A64C200C90BB1 /* Coordinator.swift in Sources */,
				5154F2F02B6A682800C90BB1 /* CoordinatorView.swift in Sources */,
				5154F2EA2B6954DB00C90BB1 /* Article.swift in Sources */,
				5154F2AD2B6841AA00C90BB1 /* HomeView.swift in Sources */,
				5154F2E62B69527500C90BB1 /* NewsApiService.swift in Sources */,
				5154F2F52B6A6CD300C90BB1 /* DetailView.swift in Sources */,
				5154F2F32B6A6BDD00C90BB1 /* Extensions.swift in Sources */,
				5154F2F72B6A6CE800C90BB1 /* DetailViewModel.swift in Sources */,
				5108B5852B6BE76200DF81A2 /* Accessibility.swift in Sources */,
				5154F2DF2B69374100C90BB1 /* HomeViewModel.swift in Sources */,
				5154F2AB2B6841AA00C90BB1 /* KeleaNewsApp.swift in Sources */,
				5154F2E82B69544600C90BB1 /* GetTopicNewsWorker.swift in Sources */,
				5108B56A2B6BC1F800DF81A2 /* GetTopHeadlinesWorker.swift in Sources */,
				5154F2E42B69526300C90BB1 /* NewsApiConfig.swift in Sources */,
			);
			runOnlyForDeploymentPostprocessing = 0;
		};
		5154F2B32B6841AD00C90BB1 /* Sources */ = {
			isa = PBXSourcesBuildPhase;
			buildActionMask = 2147483647;
			files = (
				5154F2BC2B6841AD00C90BB1 /* HomeViewModelTests.swift in Sources */,
				5108B56F2B6BCFE000DF81A2 /* MockGetTopicNewsWorker.swift in Sources */,
				5108B5732B6BD12000DF81A2 /* MockCoordinator.swift in Sources */,
				5108B5712B6BD09B00DF81A2 /* MockGetTopHeadlinesWorker.swift in Sources */,
				5108B5752B6BD2D900DF81A2 /* ArticlesMock.swift in Sources */,
				5108B5782B6BD97100DF81A2 /* DetailViewModelTests.swift in Sources */,
			);
			runOnlyForDeploymentPostprocessing = 0;
		};
		5154F2BD2B6841AD00C90BB1 /* Sources */ = {
			isa = PBXSourcesBuildPhase;
			buildActionMask = 2147483647;
			files = (
				5108B5882B6BE81900DF81A2 /* DetailRobot.swift in Sources */,
				5108B5832B6BE72100DF81A2 /* HomeRobot.swift in Sources */,
				5108B5812B6BE70500DF81A2 /* HomeViewUITests.swift in Sources */,
				5108B57D2B6BE64D00DF81A2 /* Robot.swift in Sources */,
				5108B5862B6BE76200DF81A2 /* Accessibility.swift in Sources */,
				5108B57F2B6BE67400DF81A2 /* Predicate.swift in Sources */,
			);
			runOnlyForDeploymentPostprocessing = 0;
		};
/* End PBXSourcesBuildPhase section */

/* Begin PBXTargetDependency section */
		5154F2B92B6841AD00C90BB1 /* PBXTargetDependency */ = {
			isa = PBXTargetDependency;
			target = 5154F2A62B6841AA00C90BB1 /* KeleaNews */;
			targetProxy = 5154F2B82B6841AD00C90BB1 /* PBXContainerItemProxy */;
		};
		5154F2C32B6841AD00C90BB1 /* PBXTargetDependency */ = {
			isa = PBXTargetDependency;
			target = 5154F2A62B6841AA00C90BB1 /* KeleaNews */;
			targetProxy = 5154F2C22B6841AD00C90BB1 /* PBXContainerItemProxy */;
		};
/* End PBXTargetDependency section */

/* Begin XCBuildConfiguration section */
		5154F2C92B6841AD00C90BB1 /* Debug */ = {
			isa = XCBuildConfiguration;
			buildSettings = {
				ALWAYS_SEARCH_USER_PATHS = NO;
				ASSETCATALOG_COMPILER_GENERATE_SWIFT_ASSET_SYMBOL_EXTENSIONS = YES;
				CLANG_ANALYZER_NONNULL = YES;
				CLANG_ANALYZER_NUMBER_OBJECT_CONVERSION = YES_AGGRESSIVE;
				CLANG_CXX_LANGUAGE_STANDARD = "gnu++20";
				CLANG_ENABLE_MODULES = YES;
				CLANG_ENABLE_OBJC_ARC = YES;
				CLANG_ENABLE_OBJC_WEAK = YES;
				CLANG_WARN_BLOCK_CAPTURE_AUTORELEASING = YES;
				CLANG_WARN_BOOL_CONVERSION = YES;
				CLANG_WARN_COMMA = YES;
				CLANG_WARN_CONSTANT_CONVERSION = YES;
				CLANG_WARN_DEPRECATED_OBJC_IMPLEMENTATIONS = YES;
				CLANG_WARN_DIRECT_OBJC_ISA_USAGE = YES_ERROR;
				CLANG_WARN_DOCUMENTATION_COMMENTS = YES;
				CLANG_WARN_EMPTY_BODY = YES;
				CLANG_WARN_ENUM_CONVERSION = YES;
				CLANG_WARN_INFINITE_RECURSION = YES;
				CLANG_WARN_INT_CONVERSION = YES;
				CLANG_WARN_NON_LITERAL_NULL_CONVERSION = YES;
				CLANG_WARN_OBJC_IMPLICIT_RETAIN_SELF = YES;
				CLANG_WARN_OBJC_LITERAL_CONVERSION = YES;
				CLANG_WARN_OBJC_ROOT_CLASS = YES_ERROR;
				CLANG_WARN_QUOTED_INCLUDE_IN_FRAMEWORK_HEADER = YES;
				CLANG_WARN_RANGE_LOOP_ANALYSIS = YES;
				CLANG_WARN_STRICT_PROTOTYPES = YES;
				CLANG_WARN_SUSPICIOUS_MOVE = YES;
				CLANG_WARN_UNGUARDED_AVAILABILITY = YES_AGGRESSIVE;
				CLANG_WARN_UNREACHABLE_CODE = YES;
				CLANG_WARN__DUPLICATE_METHOD_MATCH = YES;
				COPY_PHASE_STRIP = NO;
				DEBUG_INFORMATION_FORMAT = dwarf;
				ENABLE_STRICT_OBJC_MSGSEND = YES;
				ENABLE_TESTABILITY = YES;
				ENABLE_USER_SCRIPT_SANDBOXING = YES;
				GCC_C_LANGUAGE_STANDARD = gnu17;
				GCC_DYNAMIC_NO_PIC = NO;
				GCC_NO_COMMON_BLOCKS = YES;
				GCC_OPTIMIZATION_LEVEL = 0;
				GCC_PREPROCESSOR_DEFINITIONS = (
					"DEBUG=1",
					"$(inherited)",
				);
				GCC_WARN_64_TO_32_BIT_CONVERSION = YES;
				GCC_WARN_ABOUT_RETURN_TYPE = YES_ERROR;
				GCC_WARN_UNDECLARED_SELECTOR = YES;
				GCC_WARN_UNINITIALIZED_AUTOS = YES_AGGRESSIVE;
				GCC_WARN_UNUSED_FUNCTION = YES;
				GCC_WARN_UNUSED_VARIABLE = YES;
				IPHONEOS_DEPLOYMENT_TARGET = 15.0;
				LOCALIZATION_PREFERS_STRING_CATALOGS = YES;
				MTL_ENABLE_DEBUG_INFO = INCLUDE_SOURCE;
				MTL_FAST_MATH = YES;
				ONLY_ACTIVE_ARCH = YES;
				SDKROOT = iphoneos;
				SWIFT_ACTIVE_COMPILATION_CONDITIONS = "DEBUG $(inherited)";
				SWIFT_OPTIMIZATION_LEVEL = "-Onone";
			};
			name = Debug;
		};
		5154F2CA2B6841AD00C90BB1 /* Release */ = {
			isa = XCBuildConfiguration;
			buildSettings = {
				ALWAYS_SEARCH_USER_PATHS = NO;
				ASSETCATALOG_COMPILER_GENERATE_SWIFT_ASSET_SYMBOL_EXTENSIONS = YES;
				CLANG_ANALYZER_NONNULL = YES;
				CLANG_ANALYZER_NUMBER_OBJECT_CONVERSION = YES_AGGRESSIVE;
				CLANG_CXX_LANGUAGE_STANDARD = "gnu++20";
				CLANG_ENABLE_MODULES = YES;
				CLANG_ENABLE_OBJC_ARC = YES;
				CLANG_ENABLE_OBJC_WEAK = YES;
				CLANG_WARN_BLOCK_CAPTURE_AUTORELEASING = YES;
				CLANG_WARN_BOOL_CONVERSION = YES;
				CLANG_WARN_COMMA = YES;
				CLANG_WARN_CONSTANT_CONVERSION = YES;
				CLANG_WARN_DEPRECATED_OBJC_IMPLEMENTATIONS = YES;
				CLANG_WARN_DIRECT_OBJC_ISA_USAGE = YES_ERROR;
				CLANG_WARN_DOCUMENTATION_COMMENTS = YES;
				CLANG_WARN_EMPTY_BODY = YES;
				CLANG_WARN_ENUM_CONVERSION = YES;
				CLANG_WARN_INFINITE_RECURSION = YES;
				CLANG_WARN_INT_CONVERSION = YES;
				CLANG_WARN_NON_LITERAL_NULL_CONVERSION = YES;
				CLANG_WARN_OBJC_IMPLICIT_RETAIN_SELF = YES;
				CLANG_WARN_OBJC_LITERAL_CONVERSION = YES;
				CLANG_WARN_OBJC_ROOT_CLASS = YES_ERROR;
				CLANG_WARN_QUOTED_INCLUDE_IN_FRAMEWORK_HEADER = YES;
				CLANG_WARN_RANGE_LOOP_ANALYSIS = YES;
				CLANG_WARN_STRICT_PROTOTYPES = YES;
				CLANG_WARN_SUSPICIOUS_MOVE = YES;
				CLANG_WARN_UNGUARDED_AVAILABILITY = YES_AGGRESSIVE;
				CLANG_WARN_UNREACHABLE_CODE = YES;
				CLANG_WARN__DUPLICATE_METHOD_MATCH = YES;
				COPY_PHASE_STRIP = NO;
				DEBUG_INFORMATION_FORMAT = "dwarf-with-dsym";
				ENABLE_NS_ASSERTIONS = NO;
				ENABLE_STRICT_OBJC_MSGSEND = YES;
				ENABLE_USER_SCRIPT_SANDBOXING = YES;
				GCC_C_LANGUAGE_STANDARD = gnu17;
				GCC_NO_COMMON_BLOCKS = YES;
				GCC_WARN_64_TO_32_BIT_CONVERSION = YES;
				GCC_WARN_ABOUT_RETURN_TYPE = YES_ERROR;
				GCC_WARN_UNDECLARED_SELECTOR = YES;
				GCC_WARN_UNINITIALIZED_AUTOS = YES_AGGRESSIVE;
				GCC_WARN_UNUSED_FUNCTION = YES;
				GCC_WARN_UNUSED_VARIABLE = YES;
				IPHONEOS_DEPLOYMENT_TARGET = 15.0;
				LOCALIZATION_PREFERS_STRING_CATALOGS = YES;
				MTL_ENABLE_DEBUG_INFO = NO;
				MTL_FAST_MATH = YES;
				SDKROOT = iphoneos;
				SWIFT_COMPILATION_MODE = wholemodule;
				VALIDATE_PRODUCT = YES;
			};
			name = Release;
		};
		5154F2CC2B6841AD00C90BB1 /* Debug */ = {
			isa = XCBuildConfiguration;
			buildSettings = {
				ASSETCATALOG_COMPILER_APPICON_NAME = AppIcon;
				ASSETCATALOG_COMPILER_GLOBAL_ACCENT_COLOR_NAME = AccentColor;
				CODE_SIGN_STYLE = Automatic;
				CURRENT_PROJECT_VERSION = 1;
				DEVELOPMENT_ASSET_PATHS = "\"KeleaNews/Preview Content\"";
				DEVELOPMENT_TEAM = 54H9K3946K;
				ENABLE_PREVIEWS = YES;
				ENABLE_USER_SCRIPT_SANDBOXING = NO;
				GENERATE_INFOPLIST_FILE = YES;
				INFOPLIST_KEY_UIApplicationSceneManifest_Generation = YES;
				INFOPLIST_KEY_UIApplicationSupportsIndirectInputEvents = YES;
				INFOPLIST_KEY_UILaunchScreen_Generation = YES;
				INFOPLIST_KEY_UISupportedInterfaceOrientations = UIInterfaceOrientationPortrait;
				INFOPLIST_KEY_UISupportedInterfaceOrientations_iPad = "UIInterfaceOrientationLandscapeLeft UIInterfaceOrientationLandscapeRight UIInterfaceOrientationPortrait UIInterfaceOrientationPortraitUpsideDown";
				INFOPLIST_KEY_UIUserInterfaceStyle = Light;
				LD_RUNPATH_SEARCH_PATHS = (
					"$(inherited)",
					"@executable_path/Frameworks",
				);
				MARKETING_VERSION = 1.0;
				PRODUCT_BUNDLE_IDENTIFIER = JaimeGM.KeleaNews;
				PRODUCT_NAME = "$(TARGET_NAME)";
				SUPPORTED_PLATFORMS = "iphoneos iphonesimulator";
				SUPPORTS_MACCATALYST = NO;
				SUPPORTS_MAC_DESIGNED_FOR_IPHONE_IPAD = NO;
				SUPPORTS_XR_DESIGNED_FOR_IPHONE_IPAD = NO;
				SWIFT_EMIT_LOC_STRINGS = YES;
				SWIFT_VERSION = 5.0;
				TARGETED_DEVICE_FAMILY = "1,2";
			};
			name = Debug;
		};
		5154F2CD2B6841AD00C90BB1 /* Release */ = {
			isa = XCBuildConfiguration;
			buildSettings = {
				ASSETCATALOG_COMPILER_APPICON_NAME = AppIcon;
				ASSETCATALOG_COMPILER_GLOBAL_ACCENT_COLOR_NAME = AccentColor;
				CODE_SIGN_STYLE = Automatic;
				CURRENT_PROJECT_VERSION = 1;
				DEVELOPMENT_ASSET_PATHS = "\"KeleaNews/Preview Content\"";
				DEVELOPMENT_TEAM = 54H9K3946K;
				ENABLE_PREVIEWS = YES;
				ENABLE_USER_SCRIPT_SANDBOXING = NO;
				GENERATE_INFOPLIST_FILE = YES;
				INFOPLIST_KEY_UIApplicationSceneManifest_Generation = YES;
				INFOPLIST_KEY_UIApplicationSupportsIndirectInputEvents = YES;
				INFOPLIST_KEY_UILaunchScreen_Generation = YES;
				INFOPLIST_KEY_UISupportedInterfaceOrientations = UIInterfaceOrientationPortrait;
				INFOPLIST_KEY_UISupportedInterfaceOrientations_iPad = "UIInterfaceOrientationLandscapeLeft UIInterfaceOrientationLandscapeRight UIInterfaceOrientationPortrait UIInterfaceOrientationPortraitUpsideDown";
				INFOPLIST_KEY_UIUserInterfaceStyle = Light;
				LD_RUNPATH_SEARCH_PATHS = (
					"$(inherited)",
					"@executable_path/Frameworks",
				);
				MARKETING_VERSION = 1.0;
				PRODUCT_BUNDLE_IDENTIFIER = JaimeGM.KeleaNews;
				PRODUCT_NAME = "$(TARGET_NAME)";
				SUPPORTED_PLATFORMS = "iphoneos iphonesimulator";
				SUPPORTS_MACCATALYST = NO;
				SUPPORTS_MAC_DESIGNED_FOR_IPHONE_IPAD = NO;
				SUPPORTS_XR_DESIGNED_FOR_IPHONE_IPAD = NO;
				SWIFT_EMIT_LOC_STRINGS = YES;
				SWIFT_VERSION = 5.0;
				TARGETED_DEVICE_FAMILY = "1,2";
			};
			name = Release;
		};
		5154F2CF2B6841AD00C90BB1 /* Debug */ = {
			isa = XCBuildConfiguration;
			buildSettings = {
				ALWAYS_EMBED_SWIFT_STANDARD_LIBRARIES = YES;
				BUNDLE_LOADER = "$(TEST_HOST)";
				CODE_SIGN_STYLE = Automatic;
				CURRENT_PROJECT_VERSION = 1;
				DEVELOPMENT_TEAM = 54H9K3946K;
				GENERATE_INFOPLIST_FILE = YES;
				IPHONEOS_DEPLOYMENT_TARGET = 15.0;
				MARKETING_VERSION = 1.0;
				PRODUCT_BUNDLE_IDENTIFIER = JaimeGM.KeleaNewsTests;
				PRODUCT_NAME = "$(TARGET_NAME)";
				SWIFT_EMIT_LOC_STRINGS = NO;
				SWIFT_VERSION = 5.0;
				TARGETED_DEVICE_FAMILY = "1,2";
				TEST_HOST = "$(BUILT_PRODUCTS_DIR)/KeleaNews.app/$(BUNDLE_EXECUTABLE_FOLDER_PATH)/KeleaNews";
			};
			name = Debug;
		};
		5154F2D02B6841AD00C90BB1 /* Release */ = {
			isa = XCBuildConfiguration;
			buildSettings = {
				ALWAYS_EMBED_SWIFT_STANDARD_LIBRARIES = YES;
				BUNDLE_LOADER = "$(TEST_HOST)";
				CODE_SIGN_STYLE = Automatic;
				CURRENT_PROJECT_VERSION = 1;
				DEVELOPMENT_TEAM = 54H9K3946K;
				GENERATE_INFOPLIST_FILE = YES;
				IPHONEOS_DEPLOYMENT_TARGET = 15.0;
				MARKETING_VERSION = 1.0;
				PRODUCT_BUNDLE_IDENTIFIER = JaimeGM.KeleaNewsTests;
				PRODUCT_NAME = "$(TARGET_NAME)";
				SWIFT_EMIT_LOC_STRINGS = NO;
				SWIFT_VERSION = 5.0;
				TARGETED_DEVICE_FAMILY = "1,2";
				TEST_HOST = "$(BUILT_PRODUCTS_DIR)/KeleaNews.app/$(BUNDLE_EXECUTABLE_FOLDER_PATH)/KeleaNews";
			};
			name = Release;
		};
		5154F2D22B6841AD00C90BB1 /* Debug */ = {
			isa = XCBuildConfiguration;
			buildSettings = {
				ALWAYS_EMBED_SWIFT_STANDARD_LIBRARIES = YES;
				CODE_SIGN_STYLE = Automatic;
				CURRENT_PROJECT_VERSION = 1;
				DEVELOPMENT_TEAM = 54H9K3946K;
				GENERATE_INFOPLIST_FILE = YES;
				MARKETING_VERSION = 1.0;
				PRODUCT_BUNDLE_IDENTIFIER = JaimeGM.KeleaNewsUITests;
				PRODUCT_NAME = "$(TARGET_NAME)";
				SWIFT_EMIT_LOC_STRINGS = NO;
				SWIFT_VERSION = 5.0;
				TARGETED_DEVICE_FAMILY = "1,2";
				TEST_TARGET_NAME = KeleaNews;
			};
			name = Debug;
		};
		5154F2D32B6841AD00C90BB1 /* Release */ = {
			isa = XCBuildConfiguration;
			buildSettings = {
				ALWAYS_EMBED_SWIFT_STANDARD_LIBRARIES = YES;
				CODE_SIGN_STYLE = Automatic;
				CURRENT_PROJECT_VERSION = 1;
				DEVELOPMENT_TEAM = 54H9K3946K;
				GENERATE_INFOPLIST_FILE = YES;
				MARKETING_VERSION = 1.0;
				PRODUCT_BUNDLE_IDENTIFIER = JaimeGM.KeleaNewsUITests;
				PRODUCT_NAME = "$(TARGET_NAME)";
				SWIFT_EMIT_LOC_STRINGS = NO;
				SWIFT_VERSION = 5.0;
				TARGETED_DEVICE_FAMILY = "1,2";
				TEST_TARGET_NAME = KeleaNews;
			};
			name = Release;
		};
/* End XCBuildConfiguration section */

/* Begin XCConfigurationList section */
		5154F2A22B6841AA00C90BB1 /* Build configuration list for PBXProject "KeleaNews" */ = {
			isa = XCConfigurationList;
			buildConfigurations = (
				5154F2C92B6841AD00C90BB1 /* Debug */,
				5154F2CA2B6841AD00C90BB1 /* Release */,
			);
			defaultConfigurationIsVisible = 0;
			defaultConfigurationName = Release;
		};
		5154F2CB2B6841AD00C90BB1 /* Build configuration list for PBXNativeTarget "KeleaNews" */ = {
			isa = XCConfigurationList;
			buildConfigurations = (
				5154F2CC2B6841AD00C90BB1 /* Debug */,
				5154F2CD2B6841AD00C90BB1 /* Release */,
			);
			defaultConfigurationIsVisible = 0;
			defaultConfigurationName = Release;
		};
		5154F2CE2B6841AD00C90BB1 /* Build configuration list for PBXNativeTarget "KeleaNewsTests" */ = {
			isa = XCConfigurationList;
			buildConfigurations = (
				5154F2CF2B6841AD00C90BB1 /* Debug */,
				5154F2D02B6841AD00C90BB1 /* Release */,
			);
			defaultConfigurationIsVisible = 0;
			defaultConfigurationName = Release;
		};
		5154F2D12B6841AD00C90BB1 /* Build configuration list for PBXNativeTarget "KeleaNewsUITests" */ = {
			isa = XCConfigurationList;
			buildConfigurations = (
				5154F2D22B6841AD00C90BB1 /* Debug */,
				5154F2D32B6841AD00C90BB1 /* Release */,
			);
			defaultConfigurationIsVisible = 0;
			defaultConfigurationName = Release;
		};
/* End XCConfigurationList section */

/* Begin XCLocalSwiftPackageReference section */
		5154F2DB2B69339500C90BB1 /* XCLocalSwiftPackageReference "../Packages/NetworkCombine" */ = {
			isa = XCLocalSwiftPackageReference;
			relativePath = ../Packages/NetworkCombine;
		};
		5154F2E02B6939A500C90BB1 /* XCLocalSwiftPackageReference "../Packages/DesignSystem" */ = {
			isa = XCLocalSwiftPackageReference;
			relativePath = ../Packages/DesignSystem;
		};
/* End XCLocalSwiftPackageReference section */

/* Begin XCSwiftPackageProductDependency section */
		5154F2DC2B69339500C90BB1 /* NetworkCombine */ = {
			isa = XCSwiftPackageProductDependency;
			productName = NetworkCombine;
		};
		5154F2E12B6939A500C90BB1 /* DesignSystem */ = {
			isa = XCSwiftPackageProductDependency;
			productName = DesignSystem;
		};
/* End XCSwiftPackageProductDependency section */
	};
	rootObject = 5154F29F2B6841AA00C90BB1 /* Project object */;
}
